Microsoft Visual Studio Solution File, Format Version 12.00
# Visual Studio Version 17
VisualStudioVersion = 17.5.2.0
MinimumVisualStudioVersion = 10.0.40219.1
Project("{FAE04EC0-301F-11D3-BF4B-00C04F79EFBC}") = "u12", "u12.csproj", "{BCEBC68D-0151-2ABD-006F-2F3161B8073A}"
EndProject
Global
	GlobalSection(SolutionConfigurationPlatforms) = preSolution
		Debug|Any CPU = Debug|Any CPU
		Release|Any CPU = Release|Any CPU
	EndGlobalSection
	GlobalSection(ProjectConfigurationPlatforms) = postSolution
		{BCEBC68D-0151-2ABD-006F-2F3161B8073A}.Debug|Any CPU.ActiveCfg = Debug|Any CPU
		{BCEBC68D-0151-2ABD-006F-2F3161B8073A}.Debug|Any CPU.Build.0 = Debug|Any CPU
		{BCEBC68D-0151-2ABD-006F-2F3161B8073A}.Release|Any CPU.ActiveCfg = Release|Any CPU
		{BCEBC68D-0151-2ABD-006F-2F3161B8073A}.Release|Any CPU.Build.0 = Release|Any CPU
	EndGlobalSection
	GlobalSection(SolutionProperties) = preSolution
		HideSolutionNode = FALSE
	EndGlobalSection
	GlobalSection(ExtensibilityGlobals) = postSolution
		SolutionGuid = {531C3670-5E50-460F-90A2-7D3932880A6E}
	EndGlobalSection
EndGlobal
