Microsoft Visual Studio Solution File, Format Version 12.00
# Visual Studio Version 17
VisualStudioVersion = 17.5.2.0
MinimumVisualStudioVersion = 10.0.40219.1
Project("{FAE04EC0-301F-11D3-BF4B-00C04F79EFBC}") = "buty1", "buty1.csproj", "{28429258-F039-D942-D188-FE5C69A39B7E}"
EndProject
Global
	GlobalSection(SolutionConfigurationPlatforms) = preSolution
		Debug|Any CPU = Debug|Any CPU
		Release|Any CPU = Release|Any CPU
	EndGlobalSection
	GlobalSection(ProjectConfigurationPlatforms) = postSolution
		{28429258-F039-D942-D188-FE5C69A39B7E}.Debug|Any CPU.ActiveCfg = Debug|Any CPU
		{28429258-F039-D942-D188-FE5C69A39B7E}.Debug|Any CPU.Build.0 = Debug|Any CPU
		{28429258-F039-D942-D188-FE5C69A39B7E}.Release|Any CPU.ActiveCfg = Release|Any CPU
		{28429258-F039-D942-D188-FE5C69A39B7E}.Release|Any CPU.Build.0 = Release|Any CPU
	EndGlobalSection
	GlobalSection(SolutionProperties) = preSolution
		HideSolutionNode = FALSE
	EndGlobalSection
	GlobalSection(ExtensibilityGlobals) = postSolution
		SolutionGuid = {883AB120-E8CD-4008-A5D1-2C7C80657D79}
	EndGlobalSection
EndGlobal
